
Microsoft Visual Studio Solution File, Format Version 12.00
# Visual Studio Version 17
VisualStudioVersion = 17.12.35707.178 d17.12
MinimumVisualStudioVersion = 10.0.40219.1
Project("{FAE04EC0-301F-11D3-BF4B-00C04F79EFBC}") = "AngularApp3.Server", "AngularApp3.Server\AngularApp3.Server.csproj", "{F1CF0362-38CB-491E-A2FC-6C193592DAFE}"
EndProject
Project("{54A90642-561A-4BB1-A94E-469ADEE60C69}") = "angularapp3.client", "angularapp3.client\angularapp3.client.esproj", "{C25580A5-D2EC-4C58-962A-DEAB1349C4EE}"
EndProject
Global
	GlobalSection(SolutionConfigurationPlatforms) = preSolution
		Debug|Any CPU = Debug|Any CPU
		Release|Any CPU = Release|Any CPU
	EndGlobalSection
	GlobalSection(ProjectConfigurationPlatforms) = postSolution
		{F1CF0362-38CB-491E-A2FC-6C193592DAFE}.Debug|Any CPU.ActiveCfg = Debug|Any CPU
		{F1CF0362-38CB-491E-A2FC-6C193592DAFE}.Debug|Any CPU.Build.0 = Debug|Any CPU
		{F1CF0362-38CB-491E-A2FC-6C193592DAFE}.Release|Any CPU.ActiveCfg = Release|Any CPU
		{F1CF0362-38CB-491E-A2FC-6C193592DAFE}.Release|Any CPU.Build.0 = Release|Any CPU
		{C25580A5-D2EC-4C58-962A-DEAB1349C4EE}.Debug|Any CPU.ActiveCfg = Debug|Any CPU
		{C25580A5-D2EC-4C58-962A-DEAB1349C4EE}.Debug|Any CPU.Build.0 = Debug|Any CPU
		{C25580A5-D2EC-4C58-962A-DEAB1349C4EE}.Debug|Any CPU.Deploy.0 = Debug|Any CPU
		{C25580A5-D2EC-4C58-962A-DEAB1349C4EE}.Release|Any CPU.ActiveCfg = Release|Any CPU
		{C25580A5-D2EC-4C58-962A-DEAB1349C4EE}.Release|Any CPU.Build.0 = Release|Any CPU
		{C25580A5-D2EC-4C58-962A-DEAB1349C4EE}.Release|Any CPU.Deploy.0 = Release|Any CPU
	EndGlobalSection
	GlobalSection(SolutionProperties) = preSolution
		HideSolutionNode = FALSE
	EndGlobalSection
EndGlobal
